
Microsoft Visual Studio Solution File, Format Version 12.00
# Visual Studio Version 16
VisualStudioVersion = 16.0.32228.343
MinimumVisualStudioVersion = 10.0.40219.1
Project("{2150E333-8FDC-42A3-9474-1A3956D46DE8}") = "01. API", "01. API", "{D27E5CE6-19B1-4F33-B9B6-61D0539C4B00}"
EndProject
Project("{2150E333-8FDC-42A3-9474-1A3956D46DE8}") = "02. Domain", "02. Domain", "{018FAC21-45BE-42C2-B810-C06E8430E35F}"
EndProject
Project("{2150E333-8FDC-42A3-9474-1A3956D46DE8}") = "03. Infrastructure", "03. Infrastructure", "{DEE975F8-4B4A-4995-8F31-AD57720265B5}"
EndProject
Project("{9A19103F-16F7-4668-BE54-9A1E7A4F7556}") = "Things.DDD.Domain", "Things.DDD.Domain\Things.DDD.Domain.csproj", "{C575E543-E924-465B-B1AE-424CF906B9D1}"
EndProject
Project("{9A19103F-16F7-4668-BE54-9A1E7A4F7556}") = "Things.DDD.Infrastructure", "Things.DDD.Infraestructure\Things.DDD.Infrastructure.csproj", "{CFC6D8CE-8344-407F-A588-E3AA8F6BB817}"
EndProject
Project("{9A19103F-16F7-4668-BE54-9A1E7A4F7556}") = "Things.DDD.API", "Things.DDD.API\Things.DDD.API.csproj", "{104BF8D9-61F5-468B-938B-66E744F4C158}"
EndProject
Project("{2150E333-8FDC-42A3-9474-1A3956D46DE8}") = "Services", "Services", "{FCFAE59F-9A9A-4F63-A8B5-C3F96F36085F}"
EndProject
Project("{2150E333-8FDC-42A3-9474-1A3956D46DE8}") = "1. Things", "1. Things", "{05E2E5C8-9E93-4E9B-A3B4-A0163344ECB6}"
EndProject
Project("{2150E333-8FDC-42A3-9474-1A3956D46DE8}") = "2. ThingsHistory", "2. ThingsHistory", "{0773F3A1-6360-4FC4-9E30-DBBE86D2871F}"
EndProject
Project("{2150E333-8FDC-42A3-9474-1A3956D46DE8}") = "Testing", "Testing", "{5A50DEB3-C7CC-4EF8-872E-D6D0315AA9DC}"
EndProject
Project("{2150E333-8FDC-42A3-9474-1A3956D46DE8}") = "Common", "Common", "{6740105B-2B8D-4FDA-BD41-D702C155681C}"
EndProject
Project("{FAE04EC0-301F-11D3-BF4B-00C04F79EFBC}") = "Service.Common.Mapping", "Service.Common.Mapping\Service.Common.Mapping.csproj", "{7035DD85-789A-45F1-93C1-A5F1F06A0314}"
EndProject
Project("{FAE04EC0-301F-11D3-BF4B-00C04F79EFBC}") = "Service.Common.Response", "Service.Common.Response\Service.Common.Response.csproj", "{96C9D661-53D9-4F86-8C67-0832D21242D6}"
EndProject
Global
	GlobalSection(SolutionConfigurationPlatforms) = preSolution
		Debug|Any CPU = Debug|Any CPU
		Release|Any CPU = Release|Any CPU
	EndGlobalSection
	GlobalSection(ProjectConfigurationPlatforms) = postSolution
		{C575E543-E924-465B-B1AE-424CF906B9D1}.Debug|Any CPU.ActiveCfg = Debug|Any CPU
		{C575E543-E924-465B-B1AE-424CF906B9D1}.Debug|Any CPU.Build.0 = Debug|Any CPU
		{C575E543-E924-465B-B1AE-424CF906B9D1}.Release|Any CPU.ActiveCfg = Release|Any CPU
		{C575E543-E924-465B-B1AE-424CF906B9D1}.Release|Any CPU.Build.0 = Release|Any CPU
		{CFC6D8CE-8344-407F-A588-E3AA8F6BB817}.Debug|Any CPU.ActiveCfg = Debug|Any CPU
		{CFC6D8CE-8344-407F-A588-E3AA8F6BB817}.Debug|Any CPU.Build.0 = Debug|Any CPU
		{CFC6D8CE-8344-407F-A588-E3AA8F6BB817}.Release|Any CPU.ActiveCfg = Release|Any CPU
		{CFC6D8CE-8344-407F-A588-E3AA8F6BB817}.Release|Any CPU.Build.0 = Release|Any CPU
		{104BF8D9-61F5-468B-938B-66E744F4C158}.Debug|Any CPU.ActiveCfg = Debug|Any CPU
		{104BF8D9-61F5-468B-938B-66E744F4C158}.Debug|Any CPU.Build.0 = Debug|Any CPU
		{104BF8D9-61F5-468B-938B-66E744F4C158}.Release|Any CPU.ActiveCfg = Release|Any CPU
		{104BF8D9-61F5-468B-938B-66E744F4C158}.Release|Any CPU.Build.0 = Release|Any CPU
		{7035DD85-789A-45F1-93C1-A5F1F06A0314}.Debug|Any CPU.ActiveCfg = Debug|Any CPU
		{7035DD85-789A-45F1-93C1-A5F1F06A0314}.Debug|Any CPU.Build.0 = Debug|Any CPU
		{7035DD85-789A-45F1-93C1-A5F1F06A0314}.Release|Any CPU.ActiveCfg = Release|Any CPU
		{7035DD85-789A-45F1-93C1-A5F1F06A0314}.Release|Any CPU.Build.0 = Release|Any CPU
		{96C9D661-53D9-4F86-8C67-0832D21242D6}.Debug|Any CPU.ActiveCfg = Debug|Any CPU
		{96C9D661-53D9-4F86-8C67-0832D21242D6}.Debug|Any CPU.Build.0 = Debug|Any CPU
		{96C9D661-53D9-4F86-8C67-0832D21242D6}.Release|Any CPU.ActiveCfg = Release|Any CPU
		{96C9D661-53D9-4F86-8C67-0832D21242D6}.Release|Any CPU.Build.0 = Release|Any CPU
	EndGlobalSection
	GlobalSection(SolutionProperties) = preSolution
		HideSolutionNode = FALSE
	EndGlobalSection
	GlobalSection(NestedProjects) = preSolution
		{D27E5CE6-19B1-4F33-B9B6-61D0539C4B00} = {05E2E5C8-9E93-4E9B-A3B4-A0163344ECB6}
		{018FAC21-45BE-42C2-B810-C06E8430E35F} = {05E2E5C8-9E93-4E9B-A3B4-A0163344ECB6}
		{DEE975F8-4B4A-4995-8F31-AD57720265B5} = {05E2E5C8-9E93-4E9B-A3B4-A0163344ECB6}
		{C575E543-E924-465B-B1AE-424CF906B9D1} = {018FAC21-45BE-42C2-B810-C06E8430E35F}
		{CFC6D8CE-8344-407F-A588-E3AA8F6BB817} = {DEE975F8-4B4A-4995-8F31-AD57720265B5}
		{104BF8D9-61F5-468B-938B-66E744F4C158} = {D27E5CE6-19B1-4F33-B9B6-61D0539C4B00}
		{05E2E5C8-9E93-4E9B-A3B4-A0163344ECB6} = {FCFAE59F-9A9A-4F63-A8B5-C3F96F36085F}
		{0773F3A1-6360-4FC4-9E30-DBBE86D2871F} = {FCFAE59F-9A9A-4F63-A8B5-C3F96F36085F}
		{5A50DEB3-C7CC-4EF8-872E-D6D0315AA9DC} = {05E2E5C8-9E93-4E9B-A3B4-A0163344ECB6}
		{6740105B-2B8D-4FDA-BD41-D702C155681C} = {FCFAE59F-9A9A-4F63-A8B5-C3F96F36085F}
		{7035DD85-789A-45F1-93C1-A5F1F06A0314} = {6740105B-2B8D-4FDA-BD41-D702C155681C}
		{96C9D661-53D9-4F86-8C67-0832D21242D6} = {6740105B-2B8D-4FDA-BD41-D702C155681C}
	EndGlobalSection
	GlobalSection(ExtensibilityGlobals) = postSolution
		SolutionGuid = {D3B04DCA-3AB1-4C83-8031-9825B9DE1EDF}
	EndGlobalSection
EndGlobal
